
Microsoft Visual Studio Solution File, Format Version 11.00
# Visual Studio 2010
Project("{FAE04EC0-301F-11D3-BF4B-00C04F79EFBC}") = "HelloServiceLibrary", "HelloServiceLibrary\HelloServiceLibrary.csproj", "{F48766C0-C5D2-4E8B-B8C4-D844C0661D00}"
EndProject
Project("{FAE04EC0-301F-11D3-BF4B-00C04F79EFBC}") = "Host.HelloService", "Host.HelloService\Host.HelloService.csproj", "{EC98E44E-6F36-450E-AFE4-C456261A9BFC}"
EndProject
Project("{FAE04EC0-301F-11D3-BF4B-00C04F79EFBC}") = "Client.HelloService", "Client.HelloService\Client.HelloService.csproj", "{945579B3-0874-47F1-B796-32678E6816BE}"
EndProject
Global
	GlobalSection(SolutionConfigurationPlatforms) = preSolution
		Debug|Any CPU = Debug|Any CPU
		Debug|Mixed Platforms = Debug|Mixed Platforms
		Debug|x86 = Debug|x86
		Release|Any CPU = Release|Any CPU
		Release|Mixed Platforms = Release|Mixed Platforms
		Release|x86 = Release|x86
	EndGlobalSection
	GlobalSection(ProjectConfigurationPlatforms) = postSolution
		{F48766C0-C5D2-4E8B-B8C4-D844C0661D00}.Debug|Any CPU.ActiveCfg = Debug|Any CPU
		{F48766C0-C5D2-4E8B-B8C4-D844C0661D00}.Debug|Any CPU.Build.0 = Debug|Any CPU
		{F48766C0-C5D2-4E8B-B8C4-D844C0661D00}.Debug|Mixed Platforms.ActiveCfg = Debug|Any CPU
		{F48766C0-C5D2-4E8B-B8C4-D844C0661D00}.Debug|Mixed Platforms.Build.0 = Debug|Any CPU
		{F48766C0-C5D2-4E8B-B8C4-D844C0661D00}.Debug|x86.ActiveCfg = Debug|Any CPU
		{F48766C0-C5D2-4E8B-B8C4-D844C0661D00}.Release|Any CPU.ActiveCfg = Release|Any CPU
		{F48766C0-C5D2-4E8B-B8C4-D844C0661D00}.Release|Any CPU.Build.0 = Release|Any CPU
		{F48766C0-C5D2-4E8B-B8C4-D844C0661D00}.Release|Mixed Platforms.ActiveCfg = Release|Any CPU
		{F48766C0-C5D2-4E8B-B8C4-D844C0661D00}.Release|Mixed Platforms.Build.0 = Release|Any CPU
		{F48766C0-C5D2-4E8B-B8C4-D844C0661D00}.Release|x86.ActiveCfg = Release|Any CPU
		{EC98E44E-6F36-450E-AFE4-C456261A9BFC}.Debug|Any CPU.ActiveCfg = Debug|x86
		{EC98E44E-6F36-450E-AFE4-C456261A9BFC}.Debug|Mixed Platforms.ActiveCfg = Debug|x86
		{EC98E44E-6F36-450E-AFE4-C456261A9BFC}.Debug|Mixed Platforms.Build.0 = Debug|x86
		{EC98E44E-6F36-450E-AFE4-C456261A9BFC}.Debug|x86.ActiveCfg = Debug|x86
		{EC98E44E-6F36-450E-AFE4-C456261A9BFC}.Debug|x86.Build.0 = Debug|x86
		{EC98E44E-6F36-450E-AFE4-C456261A9BFC}.Release|Any CPU.ActiveCfg = Release|x86
		{EC98E44E-6F36-450E-AFE4-C456261A9BFC}.Release|Mixed Platforms.ActiveCfg = Release|x86
		{EC98E44E-6F36-450E-AFE4-C456261A9BFC}.Release|Mixed Platforms.Build.0 = Release|x86
		{EC98E44E-6F36-450E-AFE4-C456261A9BFC}.Release|x86.ActiveCfg = Release|x86
		{EC98E44E-6F36-450E-AFE4-C456261A9BFC}.Release|x86.Build.0 = Release|x86
		{945579B3-0874-47F1-B796-32678E6816BE}.Debug|Any CPU.ActiveCfg = Debug|x86
		{945579B3-0874-47F1-B796-32678E6816BE}.Debug|Mixed Platforms.ActiveCfg = Debug|x86
		{945579B3-0874-47F1-B796-32678E6816BE}.Debug|Mixed Platforms.Build.0 = Debug|x86
		{945579B3-0874-47F1-B796-32678E6816BE}.Debug|x86.ActiveCfg = Debug|x86
		{945579B3-0874-47F1-B796-32678E6816BE}.Debug|x86.Build.0 = Debug|x86
		{945579B3-0874-47F1-B796-32678E6816BE}.Release|Any CPU.ActiveCfg = Release|x86
		{945579B3-0874-47F1-B796-32678E6816BE}.Release|Mixed Platforms.ActiveCfg = Release|x86
		{945579B3-0874-47F1-B796-32678E6816BE}.Release|Mixed Platforms.Build.0 = Release|x86
		{945579B3-0874-47F1-B796-32678E6816BE}.Release|x86.ActiveCfg = Release|x86
		{945579B3-0874-47F1-B796-32678E6816BE}.Release|x86.Build.0 = Release|x86
	EndGlobalSection
	GlobalSection(SolutionProperties) = preSolution
		HideSolutionNode = FALSE
	EndGlobalSection
EndGlobal
